
Microsoft Visual Studio Solution File, Format Version 12.00
# Visual Studio Version 17
VisualStudioVersion = 17.8.34511.84
MinimumVisualStudioVersion = 10.0.40219.1
Project("{FAE04EC0-301F-11D3-BF4B-00C04F79EFBC}") = "The PROJECT 2 (Bank)", "The PROJECT 2 (Bank)\The PROJECT 2 (Bank).csproj", "{209BFD7F-906A-47C7-93B8-09C61E558780}"
EndProject
Global
	GlobalSection(SolutionConfigurationPlatforms) = preSolution
		Debug|Any CPU = Debug|Any CPU
		Release|Any CPU = Release|Any CPU
	EndGlobalSection
	GlobalSection(ProjectConfigurationPlatforms) = postSolution
		{209BFD7F-906A-47C7-93B8-09C61E558780}.Debug|Any CPU.ActiveCfg = Debug|Any CPU
		{209BFD7F-906A-47C7-93B8-09C61E558780}.Debug|Any CPU.Build.0 = Debug|Any CPU
		{209BFD7F-906A-47C7-93B8-09C61E558780}.Release|Any CPU.ActiveCfg = Release|Any CPU
		{209BFD7F-906A-47C7-93B8-09C61E558780}.Release|Any CPU.Build.0 = Release|Any CPU
	EndGlobalSection
	GlobalSection(SolutionProperties) = preSolution
		HideSolutionNode = FALSE
	EndGlobalSection
	GlobalSection(ExtensibilityGlobals) = postSolution
		SolutionGuid = {980C5D16-31AE-4393-9DA1-2DEC7B7622CE}
	EndGlobalSection
EndGlobal
